
Microsoft Visual Studio Solution File, Format Version 12.00
# Visual Studio Version 17
VisualStudioVersion = 17.13.36105.23
MinimumVisualStudioVersion = 10.0.40219.1
Project("{FAE04EC0-301F-11D3-BF4B-00C04F79EFBC}") = "Whisx.User.Application", "Whisx.User.Application\Whisx.User.Application.csproj", "{187DE341-BCC0-47CA-8A9A-147954462781}"
EndProject
Project("{FAE04EC0-301F-11D3-BF4B-00C04F79EFBC}") = "Whisx.User.Domain", "Whisx.User.Domain\Whisx.User.Domain.csproj", "{0225DCE7-82C8-4C51-B69B-6F35F598DEE0}"
EndProject
Project("{FAE04EC0-301F-11D3-BF4B-00C04F79EFBC}") = "Whisx.User.Infrastructure", "Whisx.User.Infrastructure\Whisx.User.Infrastructure.csproj", "{27061A3A-2768-4A86-B017-C2F33724ACEB}"
EndProject
Project("{FAE04EC0-301F-11D3-BF4B-00C04F79EFBC}") = "Whisx.User.API", "Whisx.User.API\Whisx.User.API.csproj", "{94CD59F2-C339-4398-8FA6-FFFC8A754B5A}"
EndProject
Project("{2150E333-8FDC-42A3-9474-1A3956D46DE8}") = "Solution Items", "Solution Items", "{8EC462FD-D22E-90A8-E5CE-7E832BA40C5D}"
	ProjectSection(SolutionItems) = preProject
		whisx.user.env = whisx.user.env
		whisx.user.env.example = whisx.user.env.example
		whisx.user.todos.md = whisx.user.todos.md
	EndProjectSection
EndProject
Global
	GlobalSection(SolutionConfigurationPlatforms) = preSolution
		Debug|Any CPU = Debug|Any CPU
		Release|Any CPU = Release|Any CPU
	EndGlobalSection
	GlobalSection(ProjectConfigurationPlatforms) = postSolution
		{187DE341-BCC0-47CA-8A9A-147954462781}.Debug|Any CPU.ActiveCfg = Debug|Any CPU
		{187DE341-BCC0-47CA-8A9A-147954462781}.Debug|Any CPU.Build.0 = Debug|Any CPU
		{187DE341-BCC0-47CA-8A9A-147954462781}.Release|Any CPU.ActiveCfg = Release|Any CPU
		{187DE341-BCC0-47CA-8A9A-147954462781}.Release|Any CPU.Build.0 = Release|Any CPU
		{0225DCE7-82C8-4C51-B69B-6F35F598DEE0}.Debug|Any CPU.ActiveCfg = Debug|Any CPU
		{0225DCE7-82C8-4C51-B69B-6F35F598DEE0}.Debug|Any CPU.Build.0 = Debug|Any CPU
		{0225DCE7-82C8-4C51-B69B-6F35F598DEE0}.Release|Any CPU.ActiveCfg = Release|Any CPU
		{0225DCE7-82C8-4C51-B69B-6F35F598DEE0}.Release|Any CPU.Build.0 = Release|Any CPU
		{27061A3A-2768-4A86-B017-C2F33724ACEB}.Debug|Any CPU.ActiveCfg = Debug|Any CPU
		{27061A3A-2768-4A86-B017-C2F33724ACEB}.Debug|Any CPU.Build.0 = Debug|Any CPU
		{27061A3A-2768-4A86-B017-C2F33724ACEB}.Release|Any CPU.ActiveCfg = Release|Any CPU
		{27061A3A-2768-4A86-B017-C2F33724ACEB}.Release|Any CPU.Build.0 = Release|Any CPU
		{94CD59F2-C339-4398-8FA6-FFFC8A754B5A}.Debug|Any CPU.ActiveCfg = Debug|Any CPU
		{94CD59F2-C339-4398-8FA6-FFFC8A754B5A}.Debug|Any CPU.Build.0 = Debug|Any CPU
		{94CD59F2-C339-4398-8FA6-FFFC8A754B5A}.Release|Any CPU.ActiveCfg = Release|Any CPU
		{94CD59F2-C339-4398-8FA6-FFFC8A754B5A}.Release|Any CPU.Build.0 = Release|Any CPU
	EndGlobalSection
	GlobalSection(SolutionProperties) = preSolution
		HideSolutionNode = FALSE
	EndGlobalSection
	GlobalSection(ExtensibilityGlobals) = postSolution
		SolutionGuid = {9CD2F1AF-F54E-42B6-9C09-0FAD421E37FB}
	EndGlobalSection
EndGlobal
