
Microsoft Visual Studio Solution File, Format Version 12.00
# Visual Studio Version 17
VisualStudioVersion = 17.13.36105.23 d17.13
MinimumVisualStudioVersion = 10.0.40219.1
Project("{FAE04EC0-301F-11D3-BF4B-00C04F79EFBC}") = "Whisx.Auth.Application", "Whisx.Auth.Application\Whisx.Auth.Application.csproj", "{D842D03B-96A5-480A-AA9A-84859B6FBE08}"
EndProject
Project("{FAE04EC0-301F-11D3-BF4B-00C04F79EFBC}") = "Whisx.Auth.Domain", "Whisx.Auth.Domain\Whisx.Auth.Domain.csproj", "{A8BEED80-3DAE-4D1C-8837-1C88394000A5}"
EndProject
Project("{FAE04EC0-301F-11D3-BF4B-00C04F79EFBC}") = "Whisx.Auth.Infrastructure", "Whisx.Auth.Infrastructure\Whisx.Auth.Infrastructure.csproj", "{29AF2CFA-B10D-4E35-82D1-15BC85AC93F3}"
EndProject
Project("{FAE04EC0-301F-11D3-BF4B-00C04F79EFBC}") = "Whisx.Auth.API", "Whisx.Auth.API\Whisx.Auth.API.csproj", "{618C42D9-9E57-4FED-8413-991188B321CC}"
EndProject
Project("{2150E333-8FDC-42A3-9474-1A3956D46DE8}") = "Solution Items", "Solution Items", "{8EC462FD-D22E-90A8-E5CE-7E832BA40C5D}"
	ProjectSection(SolutionItems) = preProject
		whisx.auth.env = whisx.auth.env
		whisx.auth.example = whisx.auth.example
		whisx.auth.todos.md = whisx.auth.todos.md
	EndProjectSection
EndProject
Global
	GlobalSection(SolutionConfigurationPlatforms) = preSolution
		Debug|Any CPU = Debug|Any CPU
		Release|Any CPU = Release|Any CPU
	EndGlobalSection
	GlobalSection(ProjectConfigurationPlatforms) = postSolution
		{D842D03B-96A5-480A-AA9A-84859B6FBE08}.Debug|Any CPU.ActiveCfg = Debug|Any CPU
		{D842D03B-96A5-480A-AA9A-84859B6FBE08}.Debug|Any CPU.Build.0 = Debug|Any CPU
		{D842D03B-96A5-480A-AA9A-84859B6FBE08}.Release|Any CPU.ActiveCfg = Release|Any CPU
		{D842D03B-96A5-480A-AA9A-84859B6FBE08}.Release|Any CPU.Build.0 = Release|Any CPU
		{A8BEED80-3DAE-4D1C-8837-1C88394000A5}.Debug|Any CPU.ActiveCfg = Debug|Any CPU
		{A8BEED80-3DAE-4D1C-8837-1C88394000A5}.Debug|Any CPU.Build.0 = Debug|Any CPU
		{A8BEED80-3DAE-4D1C-8837-1C88394000A5}.Release|Any CPU.ActiveCfg = Release|Any CPU
		{A8BEED80-3DAE-4D1C-8837-1C88394000A5}.Release|Any CPU.Build.0 = Release|Any CPU
		{29AF2CFA-B10D-4E35-82D1-15BC85AC93F3}.Debug|Any CPU.ActiveCfg = Debug|Any CPU
		{29AF2CFA-B10D-4E35-82D1-15BC85AC93F3}.Debug|Any CPU.Build.0 = Debug|Any CPU
		{29AF2CFA-B10D-4E35-82D1-15BC85AC93F3}.Release|Any CPU.ActiveCfg = Release|Any CPU
		{29AF2CFA-B10D-4E35-82D1-15BC85AC93F3}.Release|Any CPU.Build.0 = Release|Any CPU
		{618C42D9-9E57-4FED-8413-991188B321CC}.Debug|Any CPU.ActiveCfg = Debug|Any CPU
		{618C42D9-9E57-4FED-8413-991188B321CC}.Debug|Any CPU.Build.0 = Debug|Any CPU
		{618C42D9-9E57-4FED-8413-991188B321CC}.Release|Any CPU.ActiveCfg = Release|Any CPU
		{618C42D9-9E57-4FED-8413-991188B321CC}.Release|Any CPU.Build.0 = Release|Any CPU
	EndGlobalSection
	GlobalSection(SolutionProperties) = preSolution
		HideSolutionNode = FALSE
	EndGlobalSection
	GlobalSection(ExtensibilityGlobals) = postSolution
		SolutionGuid = {5B93A284-940C-4128-93CC-568FB3EF770C}
	EndGlobalSection
EndGlobal
